PODS:
  - JABaseUIKit (0.1.0):
    - Masonry
    - SnapKit
  - Masonry (1.1.0)
  - SnapKit (4.2.0)

DEPENDENCIES:
  - JABaseUIKit (from `../`)

SPEC REPOS:
  https://github.com/CocoaPods/Specs.git:
    - Masonry
    - SnapKit

EXTERNAL SOURCES:
  JABaseUIKit:
    :path: "../"

SPEC CHECKSUMS:
  JABaseUIKit: c4fc208ff3fd77ddbeb390972b650566b23a07af
  Masonry: 678fab65091a9290e40e2832a55e7ab731aad201
  SnapKit: fe8a619752f3f27075cc9a90244d75c6c3f27e2a

PODFILE CHECKSUM: 5881b9f6d888e91153a6c358dec8af80b34fd695

COCOAPODS: 1.10.1
